
Microsoft Visual Studio Solution File, Format Version 12.00
# Visual Studio 15
VisualStudioVersion = 15.0.28010.2050
MinimumVisualStudioVersion = 10.0.40219.1
Project("{FAE04EC0-301F-11D3-BF4B-00C04F79EFBC}") = "HerancaAndInterface", "HerancaAndInterface\HerancaAndInterface.csproj", "{FE3DCEBD-46D7-404A-95DE-96EA780F021E}"
EndProject
Project("{FAE04EC0-301F-11D3-BF4B-00C04F79EFBC}") = "TratamentoExceptions", "TratamentoExceptions\TratamentoExceptions.csproj", "{E8A16009-71B9-4336-AAF2-F0C9D9B21740}"
EndProject
Project("{FAE04EC0-301F-11D3-BF4B-00C04F79EFBC}") = "Conceitos.Models", "Conceitos.Models\Conceitos.Models.csproj", "{2D7DCF9E-8366-40A1-9AB5-2923A4B86B2C}"
EndProject
Project("{FAE04EC0-301F-11D3-BF4B-00C04F79EFBC}") = "Conceitos", "Conceitos\Conceitos.csproj", "{66965DA4-9E28-4E00-9A45-E49BADBE78FB}"
EndProject
Global
	GlobalSection(SolutionConfigurationPlatforms) = preSolution
		Debug|Any CPU = Debug|Any CPU
		Release|Any CPU = Release|Any CPU
	EndGlobalSection
	GlobalSection(ProjectConfigurationPlatforms) = postSolution
		{FE3DCEBD-46D7-404A-95DE-96EA780F021E}.Debug|Any CPU.ActiveCfg = Debug|Any CPU
		{FE3DCEBD-46D7-404A-95DE-96EA780F021E}.Debug|Any CPU.Build.0 = Debug|Any CPU
		{FE3DCEBD-46D7-404A-95DE-96EA780F021E}.Release|Any CPU.ActiveCfg = Release|Any CPU
		{FE3DCEBD-46D7-404A-95DE-96EA780F021E}.Release|Any CPU.Build.0 = Release|Any CPU
		{E8A16009-71B9-4336-AAF2-F0C9D9B21740}.Debug|Any CPU.ActiveCfg = Debug|Any CPU
		{E8A16009-71B9-4336-AAF2-F0C9D9B21740}.Debug|Any CPU.Build.0 = Debug|Any CPU
		{E8A16009-71B9-4336-AAF2-F0C9D9B21740}.Release|Any CPU.ActiveCfg = Release|Any CPU
		{E8A16009-71B9-4336-AAF2-F0C9D9B21740}.Release|Any CPU.Build.0 = Release|Any CPU
		{2D7DCF9E-8366-40A1-9AB5-2923A4B86B2C}.Debug|Any CPU.ActiveCfg = Debug|Any CPU
		{2D7DCF9E-8366-40A1-9AB5-2923A4B86B2C}.Debug|Any CPU.Build.0 = Debug|Any CPU
		{2D7DCF9E-8366-40A1-9AB5-2923A4B86B2C}.Release|Any CPU.ActiveCfg = Release|Any CPU
		{2D7DCF9E-8366-40A1-9AB5-2923A4B86B2C}.Release|Any CPU.Build.0 = Release|Any CPU
		{66965DA4-9E28-4E00-9A45-E49BADBE78FB}.Debug|Any CPU.ActiveCfg = Debug|Any CPU
		{66965DA4-9E28-4E00-9A45-E49BADBE78FB}.Debug|Any CPU.Build.0 = Debug|Any CPU
		{66965DA4-9E28-4E00-9A45-E49BADBE78FB}.Release|Any CPU.ActiveCfg = Release|Any CPU
		{66965DA4-9E28-4E00-9A45-E49BADBE78FB}.Release|Any CPU.Build.0 = Release|Any CPU
	EndGlobalSection
	GlobalSection(SolutionProperties) = preSolution
		HideSolutionNode = FALSE
	EndGlobalSection
	GlobalSection(ExtensibilityGlobals) = postSolution
		SolutionGuid = {2A1E24F3-F21B-431B-B36E-3C2EC325AF68}
	EndGlobalSection
EndGlobal
